// !$*UTF8*$!
{
	archiveVersion = 1;
	classes = {
	};
	objectVersion = 51;
	objects = {

/* Begin PBXBuildFile section */
		208F09EFDE9597FC5A392236 /* libPods-SwiftymonUITests.a in Frameworks */ = {isa = PBXBuildFile; fileRef = 0B27BF7A00FEA5732C904C73 /* libPods-SwiftymonUITests.a */; };
		55939E9634F075B423835E6E /* Pods_Swiftymon.framework in Frameworks */ = {isa = PBXBuildFile; fileRef = 618C21CC46BBAFC60F440C3F /* Pods_Swiftymon.framework */; };
		6B8BAC01F04A67D975920764 /* libPods-SwiftymonTests.a in Frameworks */ = {isa = PBXBuildFile; fileRef = 6229B362364E4E148EE3B471 /* libPods-SwiftymonTests.a */; };
		9A1DAE2022996DB0008289C2 /* AppDelegate.swift in Sources */ = {isa = PBXBuildFile; fileRef = 9A1DAE1F22996DB0008289C2 /* AppDelegate.swift */; };
		9A1DAE2722996DB1008289C2 /* Assets.xcassets in Resources */ = {isa = PBXBuildFile; fileRef = 9A1DAE2622996DB1008289C2 /* Assets.xcassets */; };
		9A1DAE2A22996DB1008289C2 /* LaunchScreen.storyboard in Resources */ = {isa = PBXBuildFile; fileRef = 9A1DAE2822996DB1008289C2 /* LaunchScreen.storyboard */; };
		9A1DAE3522996DB2008289C2 /* SwiftymonTests.swift in Sources */ = {isa = PBXBuildFile; fileRef = 9A1DAE3422996DB2008289C2 /* SwiftymonTests.swift */; };
		9A1DAE4022996DB2008289C2 /* SwiftymonUITests.swift in Sources */ = {isa = PBXBuildFile; fileRef = 9A1DAE3F22996DB2008289C2 /* SwiftymonUITests.swift */; };
		9A1DAE5022997CDB008289C2 /* BaseView.swift in Sources */ = {isa = PBXBuildFile; fileRef = 9A1DAE4F22997CDB008289C2 /* BaseView.swift */; };
		9A1DAE5222997D0C008289C2 /* BaseViewController.swift in Sources */ = {isa = PBXBuildFile; fileRef = 9A1DAE5122997D0C008289C2 /* BaseViewController.swift */; };
		9A1DAE5922998B49008289C2 /* PokemonListViewController.swift in Sources */ = {isa = PBXBuildFile; fileRef = 9A1DAE5722998B49008289C2 /* PokemonListViewController.swift */; };
		9A1DAE5A22998B49008289C2 /* PokemonListViewController.xib in Resources */ = {isa = PBXBuildFile; fileRef = 9A1DAE5822998B49008289C2 /* PokemonListViewController.xib */; };
		9A1DAE5C22998B64008289C2 /* PokemonListView.swift in Sources */ = {isa = PBXBuildFile; fileRef = 9A1DAE5B22998B64008289C2 /* PokemonListView.swift */; };
		9A1DAE5E22998B88008289C2 /* PokemonListPresentable.swift in Sources */ = {isa = PBXBuildFile; fileRef = 9A1DAE5D22998B88008289C2 /* PokemonListPresentable.swift */; };
		9A1DAE6022998BAA008289C2 /* PokemonListPresenter.swift in Sources */ = {isa = PBXBuildFile; fileRef = 9A1DAE5F22998BAA008289C2 /* PokemonListPresenter.swift */; };
		9A1DAE6222999351008289C2 /* PokemonListResponse.swift in Sources */ = {isa = PBXBuildFile; fileRef = 9A1DAE6122999351008289C2 /* PokemonListResponse.swift */; };
		9A1DAE642299982F008289C2 /* PokemonListViewModel.swift in Sources */ = {isa = PBXBuildFile; fileRef = 9A1DAE632299982F008289C2 /* PokemonListViewModel.swift */; };
		9A1DAE6B2299AC34008289C2 /* PokemonListService.swift in Sources */ = {isa = PBXBuildFile; fileRef = 9A1DAE6A2299AC34008289C2 /* PokemonListService.swift */; };
		9A1DAE6D2299B0F7008289C2 /* URLBuilder.swift in Sources */ = {isa = PBXBuildFile; fileRef = 9A1DAE6C2299B0F7008289C2 /* URLBuilder.swift */; };
		9A1DAE6F2299B12F008289C2 /* PokemonListNetworkService.swift in Sources */ = {isa = PBXBuildFile; fileRef = 9A1DAE6E2299B12F008289C2 /* PokemonListNetworkService.swift */; };
		9A1DAE712299B269008289C2 /* URLConstants.swift in Sources */ = {isa = PBXBuildFile; fileRef = 9A1DAE702299B269008289C2 /* URLConstants.swift */; };
		9A1DAE732299B8ED008289C2 /* Networking.swift in Sources */ = {isa = PBXBuildFile; fileRef = 9A1DAE722299B8ED008289C2 /* Networking.swift */; };
		9A1DAE762299E54F008289C2 /* PokemonListTableViewCell.swift in Sources */ = {isa = PBXBuildFile; fileRef = 9A1DAE742299E54F008289C2 /* PokemonListTableViewCell.swift */; };
		9A1DAE772299E54F008289C2 /* PokemonListTableViewCell.xib in Resources */ = {isa = PBXBuildFile; fileRef = 9A1DAE752299E54F008289C2 /* PokemonListTableViewCell.xib */; };
		9A1DAE7E2299F5CD008289C2 /* PokemonDetailService.swift in Sources */ = {isa = PBXBuildFile; fileRef = 9A1DAE7D2299F5CC008289C2 /* PokemonDetailService.swift */; };
		9A1DAE802299F606008289C2 /* Evolution.swift in Sources */ = {isa = PBXBuildFile; fileRef = 9A1DAE7F2299F606008289C2 /* Evolution.swift */; };
		9A1DAE822299FA0B008289C2 /* PokemonDetails.swift in Sources */ = {isa = PBXBuildFile; fileRef = 9A1DAE812299FA0B008289C2 /* PokemonDetails.swift */; };
		9A1DAE842299FAA4008289C2 /* PokemonDetailNetworkService.swift in Sources */ = {isa = PBXBuildFile; fileRef = 9A1DAE832299FAA4008289C2 /* PokemonDetailNetworkService.swift */; };
/* End PBXBuildFile section */

/* Begin PBXContainerItemProxy section */
		9A1DAE3122996DB2008289C2 /* PBXContainerItemProxy */ = {
			isa = PBXContainerItemProxy;
			containerPortal = 9A1DAE1422996DB0008289C2 /* Project object */;
			proxyType = 1;
			remoteGlobalIDString = 9A1DAE1B22996DB0008289C2;
			remoteInfo = Swiftymon;
		};
		9A1DAE3C22996DB2008289C2 /* PBXContainerItemProxy */ = {
			isa = PBXContainerItemProxy;
			containerPortal = 9A1DAE1422996DB0008289C2 /* Project object */;
			proxyType = 1;
			remoteGlobalIDString = 9A1DAE1B22996DB0008289C2;
			remoteInfo = Swiftymon;
		};
/* End PBXContainerItemProxy section */

/* Begin PBXFileReference section */
		0B27BF7A00FEA5732C904C73 /* libPods-SwiftymonUITests.a */ = {isa = PBXFileReference; explicitFileType = archive.ar; includeInIndex = 0; path = "libPods-SwiftymonUITests.a"; sourceTree = BUILT_PRODUCTS_DIR; };
		396C2288116874244C0EC768 /* Pods-Swiftymon.debug.xcconfig */ = {isa = PBXFileReference; includeInIndex = 1; lastKnownFileType = text.xcconfig; name = "Pods-Swiftymon.debug.xcconfig"; path = "Target Support Files/Pods-Swiftymon/Pods-Swiftymon.debug.xcconfig"; sourceTree = "<group>"; };
		618C21CC46BBAFC60F440C3F /* Pods_Swiftymon.framework */ = {isa = PBXFileReference; explicitFileType = wrapper.framework; includeInIndex = 0; path = Pods_Swiftymon.framework; sourceTree = BUILT_PRODUCTS_DIR; };
		6229B362364E4E148EE3B471 /* libPods-SwiftymonTests.a */ = {isa = PBXFileReference; explicitFileType = archive.ar; includeInIndex = 0; path = "libPods-SwiftymonTests.a"; sourceTree = BUILT_PRODUCTS_DIR; };
		653037B3AD26BD8EA2443446 /* Pods-SwiftymonUITests.release.xcconfig */ = {isa = PBXFileReference; includeInIndex = 1; lastKnownFileType = text.xcconfig; name = "Pods-SwiftymonUITests.release.xcconfig"; path = "Target Support Files/Pods-SwiftymonUITests/Pods-SwiftymonUITests.release.xcconfig"; sourceTree = "<group>"; };
		7114EB9F95F4DB27AE043E38 /* Pods-SwiftymonTests.release.xcconfig */ = {isa = PBXFileReference; includeInIndex = 1; lastKnownFileType = text.xcconfig; name = "Pods-SwiftymonTests.release.xcconfig"; path = "Target Support Files/Pods-SwiftymonTests/Pods-SwiftymonTests.release.xcconfig"; sourceTree = "<group>"; };
		9A1DAE1C22996DB0008289C2 /* Swiftymon.app */ = {isa = PBXFileReference; explicitFileType = wrapper.application; includeInIndex = 0; path = Swiftymon.app; sourceTree = BUILT_PRODUCTS_DIR; };
		9A1DAE1F22996DB0008289C2 /* AppDelegate.swift */ = {isa = PBXFileReference; lastKnownFileType = sourcecode.swift; path = AppDelegate.swift; sourceTree = "<group>"; };
		9A1DAE2622996DB1008289C2 /* Assets.xcassets */ = {isa = PBXFileReference; lastKnownFileType = folder.assetcatalog; path = Assets.xcassets; sourceTree = "<group>"; };
		9A1DAE2922996DB1008289C2 /* Base */ = {isa = PBXFileReference; lastKnownFileType = file.storyboard; name = Base; path = Base.lproj/LaunchScreen.storyboard; sourceTree = "<group>"; };
		9A1DAE2B22996DB1008289C2 /* Info.plist */ = {isa = PBXFileReference; lastKnownFileType = text.plist.xml; path = Info.plist; sourceTree = "<group>"; };
		9A1DAE3022996DB2008289C2 /* SwiftymonTests.xctest */ = {isa = PBXFileReference; explicitFileType = wrapper.cfbundle; includeInIndex = 0; path = SwiftymonTests.xctest; sourceTree = BUILT_PRODUCTS_DIR; };
		9A1DAE3422996DB2008289C2 /* SwiftymonTests.swift */ = {isa = PBXFileReference; lastKnownFileType = sourcecode.swift; path = SwiftymonTests.swift; sourceTree = "<group>"; };
		9A1DAE3622996DB2008289C2 /* Info.plist */ = {isa = PBXFileReference; lastKnownFileType = text.plist.xml; path = Info.plist; sourceTree = "<group>"; };
		9A1DAE3B22996DB2008289C2 /* SwiftymonUITests.xctest */ = {isa = PBXFileReference; explicitFileType = wrapper.cfbundle; includeInIndex = 0; path = SwiftymonUITests.xctest; sourceTree = BUILT_PRODUCTS_DIR; };
		9A1DAE3F22996DB2008289C2 /* SwiftymonUITests.swift */ = {isa = PBXFileReference; lastKnownFileType = sourcecode.swift; path = SwiftymonUITests.swift; sourceTree = "<group>"; };
		9A1DAE4122996DB2008289C2 /* Info.plist */ = {isa = PBXFileReference; lastKnownFileType = text.plist.xml; path = Info.plist; sourceTree = "<group>"; };
		9A1DAE4F22997CDB008289C2 /* BaseView.swift */ = {isa = PBXFileReference; lastKnownFileType = sourcecode.swift; path = BaseView.swift; sourceTree = "<group>"; };
		9A1DAE5122997D0C008289C2 /* BaseViewController.swift */ = {isa = PBXFileReference; lastKnownFileType = sourcecode.swift; path = BaseViewController.swift; sourceTree = "<group>"; };
		9A1DAE5722998B49008289C2 /* PokemonListViewController.swift */ = {isa = PBXFileReference; lastKnownFileType = sourcecode.swift; path = PokemonListViewController.swift; sourceTree = "<group>"; };
		9A1DAE5822998B49008289C2 /* PokemonListViewController.xib */ = {isa = PBXFileReference; lastKnownFileType = file.xib; path = PokemonListViewController.xib; sourceTree = "<group>"; };
		9A1DAE5B22998B64008289C2 /* PokemonListView.swift */ = {isa = PBXFileReference; lastKnownFileType = sourcecode.swift; path = PokemonListView.swift; sourceTree = "<group>"; };
		9A1DAE5D22998B88008289C2 /* PokemonListPresentable.swift */ = {isa = PBXFileReference; lastKnownFileType = sourcecode.swift; path = PokemonListPresentable.swift; sourceTree = "<group>"; };
		9A1DAE5F22998BAA008289C2 /* PokemonListPresenter.swift */ = {isa = PBXFileReference; lastKnownFileType = sourcecode.swift; path = PokemonListPresenter.swift; sourceTree = "<group>"; };
		9A1DAE6122999351008289C2 /* PokemonListResponse.swift */ = {isa = PBXFileReference; lastKnownFileType = sourcecode.swift; path = PokemonListResponse.swift; sourceTree = "<group>"; };
		9A1DAE632299982F008289C2 /* PokemonListViewModel.swift */ = {isa = PBXFileReference; lastKnownFileType = sourcecode.swift; path = PokemonListViewModel.swift; sourceTree = "<group>"; };
		9A1DAE6A2299AC34008289C2 /* PokemonListService.swift */ = {isa = PBXFileReference; lastKnownFileType = sourcecode.swift; path = PokemonListService.swift; sourceTree = "<group>"; };
		9A1DAE6C2299B0F7008289C2 /* URLBuilder.swift */ = {isa = PBXFileReference; lastKnownFileType = sourcecode.swift; path = URLBuilder.swift; sourceTree = "<group>"; };
		9A1DAE6E2299B12F008289C2 /* PokemonListNetworkService.swift */ = {isa = PBXFileReference; lastKnownFileType = sourcecode.swift; path = PokemonListNetworkService.swift; sourceTree = "<group>"; };
		9A1DAE702299B269008289C2 /* URLConstants.swift */ = {isa = PBXFileReference; lastKnownFileType = sourcecode.swift; path = URLConstants.swift; sourceTree = "<group>"; };
		9A1DAE722299B8ED008289C2 /* Networking.swift */ = {isa = PBXFileReference; lastKnownFileType = sourcecode.swift; path = Networking.swift; sourceTree = "<group>"; };
		9A1DAE742299E54F008289C2 /* PokemonListTableViewCell.swift */ = {isa = PBXFileReference; lastKnownFileType = sourcecode.swift; path = PokemonListTableViewCell.swift; sourceTree = "<group>"; };
		9A1DAE752299E54F008289C2 /* PokemonListTableViewCell.xib */ = {isa = PBXFileReference; lastKnownFileType = file.xib; path = PokemonListTableViewCell.xib; sourceTree = "<group>"; };
		9A1DAE7D2299F5CC008289C2 /* PokemonDetailService.swift */ = {isa = PBXFileReference; lastKnownFileType = sourcecode.swift; path = PokemonDetailService.swift; sourceTree = "<group>"; };
		9A1DAE7F2299F606008289C2 /* Evolution.swift */ = {isa = PBXFileReference; lastKnownFileType = sourcecode.swift; path = Evolution.swift; sourceTree = "<group>"; };
		9A1DAE812299FA0B008289C2 /* PokemonDetails.swift */ = {isa = PBXFileReference; lastKnownFileType = sourcecode.swift; path = PokemonDetails.swift; sourceTree = "<group>"; };
		9A1DAE832299FAA4008289C2 /* PokemonDetailNetworkService.swift */ = {isa = PBXFileReference; lastKnownFileType = sourcecode.swift; path = PokemonDetailNetworkService.swift; sourceTree = "<group>"; };
		B0F41D02C85C93D2D80C364E /* Pods-Swiftymon.release.xcconfig */ = {isa = PBXFileReference; includeInIndex = 1; lastKnownFileType = text.xcconfig; name = "Pods-Swiftymon.release.xcconfig"; path = "Target Support Files/Pods-Swiftymon/Pods-Swiftymon.release.xcconfig"; sourceTree = "<group>"; };
		BF3F822C07E3D03B24D09A1E /* Pods-SwiftymonUITests.debug.xcconfig */ = {isa = PBXFileReference; includeInIndex = 1; lastKnownFileType = text.xcconfig; name = "Pods-SwiftymonUITests.debug.xcconfig"; path = "Target Support Files/Pods-SwiftymonUITests/Pods-SwiftymonUITests.debug.xcconfig"; sourceTree = "<group>"; };
		C14380D1862B6474C5E0962F /* Pods-SwiftymonTests.debug.xcconfig */ = {isa = PBXFileReference; includeInIndex = 1; lastKnownFileType = text.xcconfig; name = "Pods-SwiftymonTests.debug.xcconfig"; path = "Target Support Files/Pods-SwiftymonTests/Pods-SwiftymonTests.debug.xcconfig"; sourceTree = "<group>"; };
/* End PBXFileReference section */

/* Begin PBXFrameworksBuildPhase section */
		9A1DAE1922996DB0008289C2 /* Frameworks */ = {
			isa = PBXFrameworksBuildPhase;
			buildActionMask = 2147483647;
			files = (
				55939E9634F075B423835E6E /* Pods_Swiftymon.framework in Frameworks */,
			);
			runOnlyForDeploymentPostprocessing = 0;
		};
		9A1DAE2D22996DB2008289C2 /* Frameworks */ = {
			isa = PBXFrameworksBuildPhase;
			buildActionMask = 2147483647;
			files = (
				6B8BAC01F04A67D975920764 /* libPods-SwiftymonTests.a in Frameworks */,
			);
			runOnlyForDeploymentPostprocessing = 0;
		};
		9A1DAE3822996DB2008289C2 /* Frameworks */ = {
			isa = PBXFrameworksBuildPhase;
			buildActionMask = 2147483647;
			files = (
				208F09EFDE9597FC5A392236 /* libPods-SwiftymonUITests.a in Frameworks */,
			);
			runOnlyForDeploymentPostprocessing = 0;
		};
/* End PBXFrameworksBuildPhase section */

/* Begin PBXGroup section */
		0E8DE701D80685C28D558836 /* Pods */ = {
			isa = PBXGroup;
			children = (
				396C2288116874244C0EC768 /* Pods-Swiftymon.debug.xcconfig */,
				B0F41D02C85C93D2D80C364E /* Pods-Swiftymon.release.xcconfig */,
				C14380D1862B6474C5E0962F /* Pods-SwiftymonTests.debug.xcconfig */,
				7114EB9F95F4DB27AE043E38 /* Pods-SwiftymonTests.release.xcconfig */,
				BF3F822C07E3D03B24D09A1E /* Pods-SwiftymonUITests.debug.xcconfig */,
				653037B3AD26BD8EA2443446 /* Pods-SwiftymonUITests.release.xcconfig */,
			);
			path = Pods;
			sourceTree = "<group>";
		};
		9A1DAE1322996DB0008289C2 = {
			isa = PBXGroup;
			children = (
				9A1DAE1E22996DB0008289C2 /* Swiftymon */,
				9A1DAE3322996DB2008289C2 /* SwiftymonTests */,
				9A1DAE3E22996DB2008289C2 /* SwiftymonUITests */,
				9A1DAE1D22996DB0008289C2 /* Products */,
				0E8DE701D80685C28D558836 /* Pods */,
				AC88FA7714AF5DABBC363F2C /* Frameworks */,
			);
			sourceTree = "<group>";
		};
		9A1DAE1D22996DB0008289C2 /* Products */ = {
			isa = PBXGroup;
			children = (
				9A1DAE1C22996DB0008289C2 /* Swiftymon.app */,
				9A1DAE3022996DB2008289C2 /* SwiftymonTests.xctest */,
				9A1DAE3B22996DB2008289C2 /* SwiftymonUITests.xctest */,
			);
			name = Products;
			sourceTree = "<group>";
		};
		9A1DAE1E22996DB0008289C2 /* Swiftymon */ = {
			isa = PBXGroup;
			children = (
				9A1DAE782299F578008289C2 /* Details */,
				9A1DAE4E22997C52008289C2 /* Base */,
				9A1DAE4D22996FD4008289C2 /* List */,
				9A1DAE1F22996DB0008289C2 /* AppDelegate.swift */,
				9A1DAE2622996DB1008289C2 /* Assets.xcassets */,
				9A1DAE2822996DB1008289C2 /* LaunchScreen.storyboard */,
				9A1DAE2B22996DB1008289C2 /* Info.plist */,
			);
			path = Swiftymon;
			sourceTree = "<group>";
		};
		9A1DAE3322996DB2008289C2 /* SwiftymonTests */ = {
			isa = PBXGroup;
			children = (
				9A1DAE3422996DB2008289C2 /* SwiftymonTests.swift */,
				9A1DAE3622996DB2008289C2 /* Info.plist */,
			);
			path = SwiftymonTests;
			sourceTree = "<group>";
		};
		9A1DAE3E22996DB2008289C2 /* SwiftymonUITests */ = {
			isa = PBXGroup;
			children = (
				9A1DAE3F22996DB2008289C2 /* SwiftymonUITests.swift */,
				9A1DAE4122996DB2008289C2 /* Info.plist */,
			);
			path = SwiftymonUITests;
			sourceTree = "<group>";
		};
		9A1DAE4D22996FD4008289C2 /* List */ = {
			isa = PBXGroup;
			children = (
				9A1DAE692299AC1A008289C2 /* Service */,
				9A1DAE662299ABE0008289C2 /* Model */,
				9A1DAE682299ABFA008289C2 /* View */,
				9A1DAE672299ABE9008289C2 /* Presenter */,
			);
			path = List;
			sourceTree = "<group>";
		};
		9A1DAE4E22997C52008289C2 /* Base */ = {
			isa = PBXGroup;
			children = (
				9A1DAE4F22997CDB008289C2 /* BaseView.swift */,
				9A1DAE5122997D0C008289C2 /* BaseViewController.swift */,
				9A1DAE6C2299B0F7008289C2 /* URLBuilder.swift */,
				9A1DAE702299B269008289C2 /* URLConstants.swift */,
				9A1DAE722299B8ED008289C2 /* Networking.swift */,
			);
			path = Base;
			sourceTree = "<group>";
		};
		9A1DAE662299ABE0008289C2 /* Model */ = {
			isa = PBXGroup;
			children = (
				9A1DAE6122999351008289C2 /* PokemonListResponse.swift */,
				9A1DAE632299982F008289C2 /* PokemonListViewModel.swift */,
			);
			path = Model;
			sourceTree = "<group>";
		};
		9A1DAE672299ABE9008289C2 /* Presenter */ = {
			isa = PBXGroup;
			children = (
				9A1DAE5D22998B88008289C2 /* PokemonListPresentable.swift */,
				9A1DAE5F22998BAA008289C2 /* PokemonListPresenter.swift */,
			);
			path = Presenter;
			sourceTree = "<group>";
		};
		9A1DAE682299ABFA008289C2 /* View */ = {
			isa = PBXGroup;
			children = (
				9A1DAE5B22998B64008289C2 /* PokemonListView.swift */,
				9A1DAE5722998B49008289C2 /* PokemonListViewController.swift */,
				9A1DAE5822998B49008289C2 /* PokemonListViewController.xib */,
				9A1DAE742299E54F008289C2 /* PokemonListTableViewCell.swift */,
				9A1DAE752299E54F008289C2 /* PokemonListTableViewCell.xib */,
			);
			path = View;
			sourceTree = "<group>";
		};
		9A1DAE692299AC1A008289C2 /* Service */ = {
			isa = PBXGroup;
			children = (
				9A1DAE6A2299AC34008289C2 /* PokemonListService.swift */,
				9A1DAE6E2299B12F008289C2 /* PokemonListNetworkService.swift */,
			);
			path = Service;
			sourceTree = "<group>";
		};
		9A1DAE782299F578008289C2 /* Details */ = {
			isa = PBXGroup;
			children = (
				9A1DAE7C2299F5A6008289C2 /* Presenter */,
				9A1DAE7B2299F5A0008289C2 /* View */,
				9A1DAE7A2299F58A008289C2 /* Model */,
				9A1DAE792299F584008289C2 /* Service */,
			);
			path = Details;
			sourceTree = "<group>";
		};
		9A1DAE792299F584008289C2 /* Service */ = {
			isa = PBXGroup;
			children = (
				9A1DAE7D2299F5CC008289C2 /* PokemonDetailService.swift */,
				9A1DAE832299FAA4008289C2 /* PokemonDetailNetworkService.swift */,
			);
			path = Service;
			sourceTree = "<group>";
		};
		9A1DAE7A2299F58A008289C2 /* Model */ = {
			isa = PBXGroup;
			children = (
				9A1DAE7F2299F606008289C2 /* Evolution.swift */,
				9A1DAE812299FA0B008289C2 /* PokemonDetails.swift */,
			);
			path = Model;
			sourceTree = "<group>";
		};
		9A1DAE7B2299F5A0008289C2 /* View */ = {
			isa = PBXGroup;
			children = (
			);
			path = View;
			sourceTree = "<group>";
		};
		9A1DAE7C2299F5A6008289C2 /* Presenter */ = {
			isa = PBXGroup;
			children = (
			);
			path = Presenter;
			sourceTree = "<group>";
		};
		AC88FA7714AF5DABBC363F2C /* Frameworks */ = {
			isa = PBXGroup;
			children = (
				618C21CC46BBAFC60F440C3F /* Pods_Swiftymon.framework */,
				6229B362364E4E148EE3B471 /* libPods-SwiftymonTests.a */,
				0B27BF7A00FEA5732C904C73 /* libPods-SwiftymonUITests.a */,
			);
			name = Frameworks;
			sourceTree = "<group>";
		};
/* End PBXGroup section */

/* Begin PBXNativeTarget section */
		9A1DAE1B22996DB0008289C2 /* Swiftymon */ = {
			isa = PBXNativeTarget;
			buildConfigurationList = 9A1DAE4422996DB2008289C2 /* Build configuration list for PBXNativeTarget "Swiftymon" */;
			buildPhases = (
				9426149AB425DE836D3D13BC /* [CP] Check Pods Manifest.lock */,
				9A1DAE1822996DB0008289C2 /* Sources */,
				9A1DAE1922996DB0008289C2 /* Frameworks */,
				9A1DAE1A22996DB0008289C2 /* Resources */,
				0E136CF3C3845670D764AAD4 /* [CP] Embed Pods Frameworks */,
			);
			buildRules = (
			);
			dependencies = (
			);
			name = Swiftymon;
			productName = Swiftymon;
			productReference = 9A1DAE1C22996DB0008289C2 /* Swiftymon.app */;
			productType = "com.apple.product-type.application";
		};
		9A1DAE2F22996DB2008289C2 /* SwiftymonTests */ = {
			isa = PBXNativeTarget;
			buildConfigurationList = 9A1DAE4722996DB2008289C2 /* Build configuration list for PBXNativeTarget "SwiftymonTests" */;
			buildPhases = (
				16B49BF07298E9EAFBEDC3A7 /* [CP] Check Pods Manifest.lock */,
				9A1DAE2C22996DB2008289C2 /* Sources */,
				9A1DAE2D22996DB2008289C2 /* Frameworks */,
				9A1DAE2E22996DB2008289C2 /* Resources */,
			);
			buildRules = (
			);
			dependencies = (
				9A1DAE3222996DB2008289C2 /* PBXTargetDependency */,
			);
			name = SwiftymonTests;
			productName = SwiftymonTests;
			productReference = 9A1DAE3022996DB2008289C2 /* SwiftymonTests.xctest */;
			productType = "com.apple.product-type.bundle.unit-test";
		};
		9A1DAE3A22996DB2008289C2 /* SwiftymonUITests */ = {
			isa = PBXNativeTarget;
			buildConfigurationList = 9A1DAE4A22996DB2008289C2 /* Build configuration list for PBXNativeTarget "SwiftymonUITests" */;
			buildPhases = (
				88CE8746E555AB3B9E187669 /* [CP] Check Pods Manifest.lock */,
				9A1DAE3722996DB2008289C2 /* Sources */,
				9A1DAE3822996DB2008289C2 /* Frameworks */,
				9A1DAE3922996DB2008289C2 /* Resources */,
			);
			buildRules = (
			);
			dependencies = (
				9A1DAE3D22996DB2008289C2 /* PBXTargetDependency */,
			);
			name = SwiftymonUITests;
			productName = SwiftymonUITests;
			productReference = 9A1DAE3B22996DB2008289C2 /* SwiftymonUITests.xctest */;
			productType = "com.apple.product-type.bundle.ui-testing";
		};
/* End PBXNativeTarget section */

/* Begin PBXProject section */
		9A1DAE1422996DB0008289C2 /* Project object */ = {
			isa = PBXProject;
			attributes = {
				LastSwiftUpdateCheck = 1020;
				LastUpgradeCheck = 1020;
				ORGANIZATIONNAME = rajeev;
				TargetAttributes = {
					9A1DAE1B22996DB0008289C2 = {
						CreatedOnToolsVersion = 10.2.1;
					};
					9A1DAE2F22996DB2008289C2 = {
						CreatedOnToolsVersion = 10.2.1;
						TestTargetID = 9A1DAE1B22996DB0008289C2;
					};
					9A1DAE3A22996DB2008289C2 = {
						CreatedOnToolsVersion = 10.2.1;
						TestTargetID = 9A1DAE1B22996DB0008289C2;
					};
				};
			};
			buildConfigurationList = 9A1DAE1722996DB0008289C2 /* Build configuration list for PBXProject "Swiftymon" */;
			compatibilityVersion = "Xcode 9.3";
			developmentRegion = en;
			hasScannedForEncodings = 0;
			knownRegions = (
				en,
				Base,
			);
			mainGroup = 9A1DAE1322996DB0008289C2;
			productRefGroup = 9A1DAE1D22996DB0008289C2 /* Products */;
			projectDirPath = "";
			projectRoot = "";
			targets = (
				9A1DAE1B22996DB0008289C2 /* Swiftymon */,
				9A1DAE2F22996DB2008289C2 /* SwiftymonTests */,
				9A1DAE3A22996DB2008289C2 /* SwiftymonUITests */,
			);
		};
/* End PBXProject section */

/* Begin PBXResourcesBuildPhase section */
		9A1DAE1A22996DB0008289C2 /* Resources */ = {
			isa = PBXResourcesBuildPhase;
			buildActionMask = 2147483647;
			files = (
				9A1DAE5A22998B49008289C2 /* PokemonListViewController.xib in Resources */,
				9A1DAE772299E54F008289C2 /* PokemonListTableViewCell.xib in Resources */,
				9A1DAE2A22996DB1008289C2 /* LaunchScreen.storyboard in Resources */,
				9A1DAE2722996DB1008289C2 /* Assets.xcassets in Resources */,
			);
			runOnlyForDeploymentPostprocessing = 0;
		};
		9A1DAE2E22996DB2008289C2 /* Resources */ = {
			isa = PBXResourcesBuildPhase;
			buildActionMask = 2147483647;
			files = (
			);
			runOnlyForDeploymentPostprocessing = 0;
		};
		9A1DAE3922996DB2008289C2 /* Resources */ = {
			isa = PBXResourcesBuildPhase;
			buildActionMask = 2147483647;
			files = (
			);
			runOnlyForDeploymentPostprocessing = 0;
		};
/* End PBXResourcesBuildPhase section */

/* Begin PBXShellScriptBuildPhase section */
		0E136CF3C3845670D764AAD4 /* [CP] Embed Pods Frameworks */ = {
			isa = PBXShellScriptBuildPhase;
			buildActionMask = 2147483647;
			files = (
			);
			inputFileListPaths = (
				"${PODS_ROOT}/Target Support Files/Pods-Swiftymon/Pods-Swiftymon-frameworks-${CONFIGURATION}-input-files.xcfilelist",
			);
			name = "[CP] Embed Pods Frameworks";
			outputFileListPaths = (
				"${PODS_ROOT}/Target Support Files/Pods-Swiftymon/Pods-Swiftymon-frameworks-${CONFIGURATION}-output-files.xcfilelist",
			);
			runOnlyForDeploymentPostprocessing = 0;
			shellPath = /bin/sh;
			shellScript = "\"${PODS_ROOT}/Target Support Files/Pods-Swiftymon/Pods-Swiftymon-frameworks.sh\"\n";
			showEnvVarsInLog = 0;
		};
		16B49BF07298E9EAFBEDC3A7 /* [CP] Check Pods Manifest.lock */ = {
			isa = PBXShellScriptBuildPhase;
			buildActionMask = 2147483647;
			files = (
			);
			inputFileListPaths = (
			);
			inputPaths = (
				"${PODS_PODFILE_DIR_PATH}/Podfile.lock",
				"${PODS_ROOT}/Manifest.lock",
			);
			name = "[CP] Check Pods Manifest.lock";
			outputFileListPaths = (
			);
			outputPaths = (
				"$(DERIVED_FILE_DIR)/Pods-SwiftymonTests-checkManifestLockResult.txt",
			);
			runOnlyForDeploymentPostprocessing = 0;
			shellPath = /bin/sh;
			shellScript = "diff \"${PODS_PODFILE_DIR_PATH}/Podfile.lock\" \"${PODS_ROOT}/Manifest.lock\" > /dev/null\nif [ $? != 0 ] ; then\n    # print error to STDERR\n    echo \"error: The sandbox is not in sync with the Podfile.lock. Run 'pod install' or update your CocoaPods installation.\" >&2\n    exit 1\nfi\n# This output is used by Xcode 'outputs' to avoid re-running this script phase.\necho \"SUCCESS\" > \"${SCRIPT_OUTPUT_FILE_0}\"\n";
			showEnvVarsInLog = 0;
		};
		88CE8746E555AB3B9E187669 /* [CP] Check Pods Manifest.lock */ = {
			isa = PBXShellScriptBuildPhase;
			buildActionMask = 2147483647;
			files = (
			);
			inputFileListPaths = (
			);
			inputPaths = (
				"${PODS_PODFILE_DIR_PATH}/Podfile.lock",
				"${PODS_ROOT}/Manifest.lock",
			);
			name = "[CP] Check Pods Manifest.lock";
			outputFileListPaths = (
			);
			outputPaths = (
				"$(DERIVED_FILE_DIR)/Pods-SwiftymonUITests-checkManifestLockResult.txt",
			);
			runOnlyForDeploymentPostprocessing = 0;
			shellPath = /bin/sh;
			shellScript = "diff \"${PODS_PODFILE_DIR_PATH}/Podfile.lock\" \"${PODS_ROOT}/Manifest.lock\" > /dev/null\nif [ $? != 0 ] ; then\n    # print error to STDERR\n    echo \"error: The sandbox is not in sync with the Podfile.lock. Run 'pod install' or update your CocoaPods installation.\" >&2\n    exit 1\nfi\n# This output is used by Xcode 'outputs' to avoid re-running this script phase.\necho \"SUCCESS\" > \"${SCRIPT_OUTPUT_FILE_0}\"\n";
			showEnvVarsInLog = 0;
		};
		9426149AB425DE836D3D13BC /* [CP] Check Pods Manifest.lock */ = {
			isa = PBXShellScriptBuildPhase;
			buildActionMask = 2147483647;
			files = (
			);
			inputFileListPaths = (
			);
			inputPaths = (
				"${PODS_PODFILE_DIR_PATH}/Podfile.lock",
				"${PODS_ROOT}/Manifest.lock",
			);
			name = "[CP] Check Pods Manifest.lock";
			outputFileListPaths = (
			);
			outputPaths = (
				"$(DERIVED_FILE_DIR)/Pods-Swiftymon-checkManifestLockResult.txt",
			);
			runOnlyForDeploymentPostprocessing = 0;
			shellPath = /bin/sh;
			shellScript = "diff \"${PODS_PODFILE_DIR_PATH}/Podfile.lock\" \"${PODS_ROOT}/Manifest.lock\" > /dev/null\nif [ $? != 0 ] ; then\n    # print error to STDERR\n    echo \"error: The sandbox is not in sync with the Podfile.lock. Run 'pod install' or update your CocoaPods installation.\" >&2\n    exit 1\nfi\n# This output is used by Xcode 'outputs' to avoid re-running this script phase.\necho \"SUCCESS\" > \"${SCRIPT_OUTPUT_FILE_0}\"\n";
			showEnvVarsInLog = 0;
		};
/* End PBXShellScriptBuildPhase section */

/* Begin PBXSourcesBuildPhase section */
		9A1DAE1822996DB0008289C2 /* Sources */ = {
			isa = PBXSourcesBuildPhase;
			buildActionMask = 2147483647;
			files = (
				9A1DAE6222999351008289C2 /* PokemonListResponse.swift in Sources */,
				9A1DAE642299982F008289C2 /* PokemonListViewModel.swift in Sources */,
				9A1DAE7E2299F5CD008289C2 /* PokemonDetailService.swift in Sources */,
				9A1DAE6F2299B12F008289C2 /* PokemonListNetworkService.swift in Sources */,
				9A1DAE842299FAA4008289C2 /* PokemonDetailNetworkService.swift in Sources */,
				9A1DAE5E22998B88008289C2 /* PokemonListPresentable.swift in Sources */,
				9A1DAE6D2299B0F7008289C2 /* URLBuilder.swift in Sources */,
				9A1DAE2022996DB0008289C2 /* AppDelegate.swift in Sources */,
				9A1DAE762299E54F008289C2 /* PokemonListTableViewCell.swift in Sources */,
				9A1DAE822299FA0B008289C2 /* PokemonDetails.swift in Sources */,
				9A1DAE802299F606008289C2 /* Evolution.swift in Sources */,
				9A1DAE712299B269008289C2 /* URLConstants.swift in Sources */,
				9A1DAE5022997CDB008289C2 /* BaseView.swift in Sources */,
				9A1DAE5922998B49008289C2 /* PokemonListViewController.swift in Sources */,
				9A1DAE6022998BAA008289C2 /* PokemonListPresenter.swift in Sources */,
				9A1DAE6B2299AC34008289C2 /* PokemonListService.swift in Sources */,
				9A1DAE5C22998B64008289C2 /* PokemonListView.swift in Sources */,
				9A1DAE5222997D0C008289C2 /* BaseViewController.swift in Sources */,
				9A1DAE732299B8ED008289C2 /* Networking.swift in Sources */,
			);
			runOnlyForDeploymentPostprocessing = 0;
		};
		9A1DAE2C22996DB2008289C2 /* Sources */ = {
			isa = PBXSourcesBuildPhase;
			buildActionMask = 2147483647;
			files = (
				9A1DAE3522996DB2008289C2 /* SwiftymonTests.swift in Sources */,
			);
			runOnlyForDeploymentPostprocessing = 0;
		};
		9A1DAE3722996DB2008289C2 /* Sources */ = {
			isa = PBXSourcesBuildPhase;
			buildActionMask = 2147483647;
			files = (
				9A1DAE4022996DB2008289C2 /* SwiftymonUITests.swift in Sources */,
			);
			runOnlyForDeploymentPostprocessing = 0;
		};
/* End PBXSourcesBuildPhase section */

/* Begin PBXTargetDependency section */
		9A1DAE3222996DB2008289C2 /* PBXTargetDependency */ = {
			isa = PBXTargetDependency;
			target = 9A1DAE1B22996DB0008289C2 /* Swiftymon */;
			targetProxy = 9A1DAE3122996DB2008289C2 /* PBXContainerItemProxy */;
		};
		9A1DAE3D22996DB2008289C2 /* PBXTargetDependency */ = {
			isa = PBXTargetDependency;
			target = 9A1DAE1B22996DB0008289C2 /* Swiftymon */;
			targetProxy = 9A1DAE3C22996DB2008289C2 /* PBXContainerItemProxy */;
		};
/* End PBXTargetDependency section */

/* Begin PBXVariantGroup section */
		9A1DAE2822996DB1008289C2 /* LaunchScreen.storyboard */ = {
			isa = PBXVariantGroup;
			children = (
				9A1DAE2922996DB1008289C2 /* Base */,
			);
			name = LaunchScreen.storyboard;
			sourceTree = "<group>";
		};
/* End PBXVariantGroup section */

/* Begin XCBuildConfiguration section */
		9A1DAE4222996DB2008289C2 /* Debug */ = {
			isa = XCBuildConfiguration;
			buildSettings = {
				ALWAYS_SEARCH_USER_PATHS = NO;
				CLANG_ANALYZER_NONNULL = YES;
				CLANG_ANALYZER_NUMBER_OBJECT_CONVERSION = YES_AGGRESSIVE;
				CLANG_CXX_LANGUAGE_STANDARD = "gnu++14";
				CLANG_CXX_LIBRARY = "libc++";
				CLANG_ENABLE_MODULES = YES;
				CLANG_ENABLE_OBJC_ARC = YES;
				CLANG_ENABLE_OBJC_WEAK = YES;
				CLANG_WARN_BLOCK_CAPTURE_AUTORELEASING = YES;
				CLANG_WARN_BOOL_CONVERSION = YES;
				CLANG_WARN_COMMA = YES;
				CLANG_WARN_CONSTANT_CONVERSION = YES;
				CLANG_WARN_DEPRECATED_OBJC_IMPLEMENTATIONS = YES;
				CLANG_WARN_DIRECT_OBJC_ISA_USAGE = YES_ERROR;
				CLANG_WARN_DOCUMENTATION_COMMENTS = YES;
				CLANG_WARN_EMPTY_BODY = YES;
				CLANG_WARN_ENUM_CONVERSION = YES;
				CLANG_WARN_INFINITE_RECURSION = YES;
				CLANG_WARN_INT_CONVERSION = YES;
				CLANG_WARN_NON_LITERAL_NULL_CONVERSION = YES;
				CLANG_WARN_OBJC_IMPLICIT_RETAIN_SELF = YES;
				CLANG_WARN_OBJC_LITERAL_CONVERSION = YES;
				CLANG_WARN_OBJC_ROOT_CLASS = YES_ERROR;
				CLANG_WARN_RANGE_LOOP_ANALYSIS = YES;
				CLANG_WARN_STRICT_PROTOTYPES = YES;
				CLANG_WARN_SUSPICIOUS_MOVE = YES;
				CLANG_WARN_UNGUARDED_AVAILABILITY = YES_AGGRESSIVE;
				CLANG_WARN_UNREACHABLE_CODE = YES;
				CLANG_WARN__DUPLICATE_METHOD_MATCH = YES;
				CODE_SIGN_IDENTITY = "iPhone Developer";
				COPY_PHASE_STRIP = NO;
				DEBUG_INFORMATION_FORMAT = dwarf;
				ENABLE_STRICT_OBJC_MSGSEND = YES;
				ENABLE_TESTABILITY = YES;
				GCC_C_LANGUAGE_STANDARD = gnu11;
				GCC_DYNAMIC_NO_PIC = NO;
				GCC_NO_COMMON_BLOCKS = YES;
				GCC_OPTIMIZATION_LEVEL = 0;
				GCC_PREPROCESSOR_DEFINITIONS = (
					"DEBUG=1",
					"$(inherited)",
				);
				GCC_WARN_64_TO_32_BIT_CONVERSION = YES;
				GCC_WARN_ABOUT_RETURN_TYPE = YES_ERROR;
				GCC_WARN_UNDECLARED_SELECTOR = YES;
				GCC_WARN_UNINITIALIZED_AUTOS = YES_AGGRESSIVE;
				GCC_WARN_UNUSED_FUNCTION = YES;
				GCC_WARN_UNUSED_VARIABLE = YES;
				IPHONEOS_DEPLOYMENT_TARGET = 12.2;
				MTL_ENABLE_DEBUG_INFO = INCLUDE_SOURCE;
				MTL_FAST_MATH = YES;
				ONLY_ACTIVE_ARCH = YES;
				SDKROOT = iphoneos;
				SWIFT_ACTIVE_COMPILATION_CONDITIONS = DEBUG;
				SWIFT_OPTIMIZATION_LEVEL = "-Onone";
			};
			name = Debug;
		};
		9A1DAE4322996DB2008289C2 /* Release */ = {
			isa = XCBuildConfiguration;
			buildSettings = {
				ALWAYS_SEARCH_USER_PATHS = NO;
				CLANG_ANALYZER_NONNULL = YES;
				CLANG_ANALYZER_NUMBER_OBJECT_CONVERSION = YES_AGGRESSIVE;
				CLANG_CXX_LANGUAGE_STANDARD = "gnu++14";
				CLANG_CXX_LIBRARY = "libc++";
				CLANG_ENABLE_MODULES = YES;
				CLANG_ENABLE_OBJC_ARC = YES;
				CLANG_ENABLE_OBJC_WEAK = YES;
				CLANG_WARN_BLOCK_CAPTURE_AUTORELEASING = YES;
				CLANG_WARN_BOOL_CONVERSION = YES;
				CLANG_WARN_COMMA = YES;
				CLANG_WARN_CONSTANT_CONVERSION = YES;
				CLANG_WARN_DEPRECATED_OBJC_IMPLEMENTATIONS = YES;
				CLANG_WARN_DIRECT_OBJC_ISA_USAGE = YES_ERROR;
				CLANG_WARN_DOCUMENTATION_COMMENTS = YES;
				CLANG_WARN_EMPTY_BODY = YES;
				CLANG_WARN_ENUM_CONVERSION = YES;
				CLANG_WARN_INFINITE_RECURSION = YES;
				CLANG_WARN_INT_CONVERSION = YES;
				CLANG_WARN_NON_LITERAL_NULL_CONVERSION = YES;
				CLANG_WARN_OBJC_IMPLICIT_RETAIN_SELF = YES;
				CLANG_WARN_OBJC_LITERAL_CONVERSION = YES;
				CLANG_WARN_OBJC_ROOT_CLASS = YES_ERROR;
				CLANG_WARN_RANGE_LOOP_ANALYSIS = YES;
				CLANG_WARN_STRICT_PROTOTYPES = YES;
				CLANG_WARN_SUSPICIOUS_MOVE = YES;
				CLANG_WARN_UNGUARDED_AVAILABILITY = YES_AGGRESSIVE;
				CLANG_WARN_UNREACHABLE_CODE = YES;
				CLANG_WARN__DUPLICATE_METHOD_MATCH = YES;
				CODE_SIGN_IDENTITY = "iPhone Developer";
				COPY_PHASE_STRIP = NO;
				DEBUG_INFORMATION_FORMAT = "dwarf-with-dsym";
				ENABLE_NS_ASSERTIONS = NO;
				ENABLE_STRICT_OBJC_MSGSEND = YES;
				GCC_C_LANGUAGE_STANDARD = gnu11;
				GCC_NO_COMMON_BLOCKS = YES;
				GCC_WARN_64_TO_32_BIT_CONVERSION = YES;
				GCC_WARN_ABOUT_RETURN_TYPE = YES_ERROR;
				GCC_WARN_UNDECLARED_SELECTOR = YES;
				GCC_WARN_UNINITIALIZED_AUTOS = YES_AGGRESSIVE;
				GCC_WARN_UNUSED_FUNCTION = YES;
				GCC_WARN_UNUSED_VARIABLE = YES;
				IPHONEOS_DEPLOYMENT_TARGET = 12.2;
				MTL_ENABLE_DEBUG_INFO = NO;
				MTL_FAST_MATH = YES;
				SDKROOT = iphoneos;
				SWIFT_COMPILATION_MODE = wholemodule;
				SWIFT_OPTIMIZATION_LEVEL = "-O";
				VALIDATE_PRODUCT = YES;
			};
			name = Release;
		};
		9A1DAE4522996DB2008289C2 /* Debug */ = {
			isa = XCBuildConfiguration;
			baseConfigurationReference = 396C2288116874244C0EC768 /* Pods-Swiftymon.debug.xcconfig */;
			buildSettings = {
				ASSETCATALOG_COMPILER_APPICON_NAME = AppIcon;
				CODE_SIGN_STYLE = Automatic;
				INFOPLIST_FILE = Swiftymon/Info.plist;
				LD_RUNPATH_SEARCH_PATHS = (
					"$(inherited)",
					"@executable_path/Frameworks",
				);
				PRODUCT_BUNDLE_IDENTIFIER = com.rajeev.Swiftymon;
				PRODUCT_NAME = "$(TARGET_NAME)";
				SWIFT_VERSION = 5.0;
				TARGETED_DEVICE_FAMILY = "1,2";
			};
			name = Debug;
		};
		9A1DAE4622996DB2008289C2 /* Release */ = {
			isa = XCBuildConfiguration;
			baseConfigurationReference = B0F41D02C85C93D2D80C364E /* Pods-Swiftymon.release.xcconfig */;
			buildSettings = {
				ASSETCATALOG_COMPILER_APPICON_NAME = AppIcon;
				CODE_SIGN_STYLE = Automatic;
				INFOPLIST_FILE = Swiftymon/Info.plist;
				LD_RUNPATH_SEARCH_PATHS = (
					"$(inherited)",
					"@executable_path/Frameworks",
				);
				PRODUCT_BUNDLE_IDENTIFIER = com.rajeev.Swiftymon;
				PRODUCT_NAME = "$(TARGET_NAME)";
				SWIFT_VERSION = 5.0;
				TARGETED_DEVICE_FAMILY = "1,2";
			};
			name = Release;
		};
		9A1DAE4822996DB2008289C2 /* Debug */ = {
			isa = XCBuildConfiguration;
			baseConfigurationReference = C14380D1862B6474C5E0962F /* Pods-SwiftymonTests.debug.xcconfig */;
			buildSettings = {
				ALWAYS_EMBED_SWIFT_STANDARD_LIBRARIES = YES;
				BUNDLE_LOADER = "$(TEST_HOST)";
				CODE_SIGN_STYLE = Automatic;
				INFOPLIST_FILE = SwiftymonTests/Info.plist;
				LD_RUNPATH_SEARCH_PATHS = (
					"$(inherited)",
					"@executable_path/Frameworks",
					"@loader_path/Frameworks",
				);
				PRODUCT_BUNDLE_IDENTIFIER = com.rajeev.SwiftymonTests;
				PRODUCT_NAME = "$(TARGET_NAME)";
				SWIFT_VERSION = 5.0;
				TARGETED_DEVICE_FAMILY = "1,2";
				TEST_HOST = "$(BUILT_PRODUCTS_DIR)/Swiftymon.app/Swiftymon";
			};
			name = Debug;
		};
		9A1DAE4922996DB2008289C2 /* Release */ = {
			isa = XCBuildConfiguration;
			baseConfigurationReference = 7114EB9F95F4DB27AE043E38 /* Pods-SwiftymonTests.release.xcconfig */;
			buildSettings = {
				ALWAYS_EMBED_SWIFT_STANDARD_LIBRARIES = YES;
				BUNDLE_LOADER = "$(TEST_HOST)";
				CODE_SIGN_STYLE = Automatic;
				INFOPLIST_FILE = SwiftymonTests/Info.plist;
				LD_RUNPATH_SEARCH_PATHS = (
					"$(inherited)",
					"@executable_path/Frameworks",
					"@loader_path/Frameworks",
				);
				PRODUCT_BUNDLE_IDENTIFIER = com.rajeev.SwiftymonTests;
				PRODUCT_NAME = "$(TARGET_NAME)";
				SWIFT_VERSION = 5.0;
				TARGETED_DEVICE_FAMILY = "1,2";
				TEST_HOST = "$(BUILT_PRODUCTS_DIR)/Swiftymon.app/Swiftymon";
			};
			name = Release;
		};
		9A1DAE4B22996DB2008289C2 /* Debug */ = {
			isa = XCBuildConfiguration;
			baseConfigurationReference = BF3F822C07E3D03B24D09A1E /* Pods-SwiftymonUITests.debug.xcconfig */;
			buildSettings = {
				ALWAYS_EMBED_SWIFT_STANDARD_LIBRARIES = YES;
				CODE_SIGN_STYLE = Automatic;
				INFOPLIST_FILE = SwiftymonUITests/Info.plist;
				LD_RUNPATH_SEARCH_PATHS = (
					"$(inherited)",
					"@executable_path/Frameworks",
					"@loader_path/Frameworks",
				);
				PRODUCT_BUNDLE_IDENTIFIER = com.rajeev.SwiftymonUITests;
				PRODUCT_NAME = "$(TARGET_NAME)";
				SWIFT_VERSION = 5.0;
				TARGETED_DEVICE_FAMILY = "1,2";
				TEST_TARGET_NAME = Swiftymon;
			};
			name = Debug;
		};
		9A1DAE4C22996DB2008289C2 /* Release */ = {
			isa = XCBuildConfiguration;
			baseConfigurationReference = 653037B3AD26BD8EA2443446 /* Pods-SwiftymonUITests.release.xcconfig */;
			buildSettings = {
				ALWAYS_EMBED_SWIFT_STANDARD_LIBRARIES = YES;
				CODE_SIGN_STYLE = Automatic;
				INFOPLIST_FILE = SwiftymonUITests/Info.plist;
				LD_RUNPATH_SEARCH_PATHS = (
					"$(inherited)",
					"@executable_path/Frameworks",
					"@loader_path/Frameworks",
				);
				PRODUCT_BUNDLE_IDENTIFIER = com.rajeev.SwiftymonUITests;
				PRODUCT_NAME = "$(TARGET_NAME)";
				SWIFT_VERSION = 5.0;
				TARGETED_DEVICE_FAMILY = "1,2";
				TEST_TARGET_NAME = Swiftymon;
			};
			name = Release;
		};
/* End XCBuildConfiguration section */

/* Begin XCConfigurationList section */
		9A1DAE1722996DB0008289C2 /* Build configuration list for PBXProject "Swiftymon" */ = {
			isa = XCConfigurationList;
			buildConfigurations = (
				9A1DAE4222996DB2008289C2 /* Debug */,
				9A1DAE4322996DB2008289C2 /* Release */,
			);
			defaultConfigurationIsVisible = 0;
			defaultConfigurationName = Release;
		};
		9A1DAE4422996DB2008289C2 /* Build configuration list for PBXNativeTarget "Swiftymon" */ = {
			isa = XCConfigurationList;
			buildConfigurations = (
				9A1DAE4522996DB2008289C2 /* Debug */,
				9A1DAE4622996DB2008289C2 /* Release */,
			);
			defaultConfigurationIsVisible = 0;
			defaultConfigurationName = Release;
		};
		9A1DAE4722996DB2008289C2 /* Build configuration list for PBXNativeTarget "SwiftymonTests" */ = {
			isa = XCConfigurationList;
			buildConfigurations = (
				9A1DAE4822996DB2008289C2 /* Debug */,
				9A1DAE4922996DB2008289C2 /* Release */,
			);
			defaultConfigurationIsVisible = 0;
			defaultConfigurationName = Release;
		};
		9A1DAE4A22996DB2008289C2 /* Build configuration list for PBXNativeTarget "SwiftymonUITests" */ = {
			isa = XCConfigurationList;
			buildConfigurations = (
				9A1DAE4B22996DB2008289C2 /* Debug */,
				9A1DAE4C22996DB2008289C2 /* Release */,
			);
			defaultConfigurationIsVisible = 0;
			defaultConfigurationName = Release;
		};
/* End XCConfigurationList section */
	};
	rootObject = 9A1DAE1422996DB0008289C2 /* Project object */;
}
